// !$*UTF8*$!
{
	archiveVersion = 1;
	classes = {
	};
	objectVersion = 48;
	objects = {

/* Begin PBXBuildFile section */
		D8791474204FEB8700D20256 /* AppDelegate.swift in Sources */ = {isa = PBXBuildFile; fileRef = D8791473204FEB8700D20256 /* AppDelegate.swift */; };
		D8791476204FEB8700D20256 /* ViewController.swift in Sources */ = {isa = PBXBuildFile; fileRef = D8791475204FEB8700D20256 /* ViewController.swift */; };
		D8791479204FEB8700D20256 /* Main.storyboard in Resources */ = {isa = PBXBuildFile; fileRef = D8791477204FEB8700D20256 /* Main.storyboard */; };
		D879147B204FEB8700D20256 /* Assets.xcassets in Resources */ = {isa = PBXBuildFile; fileRef = D879147A204FEB8700D20256 /* Assets.xcassets */; };
		D879147E204FEB8700D20256 /* LaunchScreen.storyboard in Resources */ = {isa = PBXBuildFile; fileRef = D879147C204FEB8700D20256 /* LaunchScreen.storyboard */; };
		D87914942050056500D20256 /* MapHelperKit.framework in Frameworks */ = {isa = PBXBuildFile; fileRef = D87914932050056500D20256 /* MapHelperKit.framework */; };
		D87914952050056500D20256 /* MapHelperKit.framework in Embed Frameworks */ = {isa = PBXBuildFile; fileRef = D87914932050056500D20256 /* MapHelperKit.framework */; settings = {ATTRIBUTES = (CodeSignOnCopy, RemoveHeadersOnCopy, ); }; };
/* End PBXBuildFile section */

/* Begin PBXCopyFilesBuildPhase section */
		D87914962050056500D20256 /* Embed Frameworks */ = {
			isa = PBXCopyFilesBuildPhase;
			buildActionMask = 2147483647;
			dstPath = "";
			dstSubfolderSpec = 10;
			files = (
				D87914952050056500D20256 /* MapHelperKit.framework in Embed Frameworks */,
			);
			name = "Embed Frameworks";
			runOnlyForDeploymentPostprocessing = 0;
		};
/* End PBXCopyFilesBuildPhase section */

/* Begin PBXFileReference section */
		D8791470204FEB8700D20256 /* MapHelperKitExample.app */ = {isa = PBXFileReference; explicitFileType = wrapper.application; includeInIndex = 0; path = MapHelperKitExample.app; sourceTree = BUILT_PRODUCTS_DIR; };
		D8791473204FEB8700D20256 /* AppDelegate.swift */ = {isa = PBXFileReference; lastKnownFileType = sourcecode.swift; path = AppDelegate.swift; sourceTree = "<group>"; };
		D8791475204FEB8700D20256 /* ViewController.swift */ = {isa = PBXFileReference; lastKnownFileType = sourcecode.swift; path = ViewController.swift; sourceTree = "<group>"; };
		D8791478204FEB8700D20256 /* Base */ = {isa = PBXFileReference; lastKnownFileType = file.storyboard; name = Base; path = Base.lproj/Main.storyboard; sourceTree = "<group>"; };
		D879147A204FEB8700D20256 /* Assets.xcassets */ = {isa = PBXFileReference; lastKnownFileType = folder.assetcatalog; path = Assets.xcassets; sourceTree = "<group>"; };
		D879147D204FEB8700D20256 /* Base */ = {isa = PBXFileReference; lastKnownFileType = file.storyboard; name = Base; path = Base.lproj/LaunchScreen.storyboard; sourceTree = "<group>"; };
		D879147F204FEB8700D20256 /* Info.plist */ = {isa = PBXFileReference; lastKnownFileType = text.plist.xml; path = Info.plist; sourceTree = "<group>"; };
		D87914932050056500D20256 /* MapHelperKit.framework */ = {isa = PBXFileReference; explicitFileType = wrapper.framework; path = MapHelperKit.framework; sourceTree = BUILT_PRODUCTS_DIR; };
/* End PBXFileReference section */

/* Begin PBXFrameworksBuildPhase section */
		D879146D204FEB8700D20256 /* Frameworks */ = {
			isa = PBXFrameworksBuildPhase;
			buildActionMask = 2147483647;
			files = (
				D87914942050056500D20256 /* MapHelperKit.framework in Frameworks */,
			);
			runOnlyForDeploymentPostprocessing = 0;
		};
/* End PBXFrameworksBuildPhase section */

/* Begin PBXGroup section */
		D8791467204FEB8700D20256 = {
			isa = PBXGroup;
			children = (
				D87914932050056500D20256 /* MapHelperKit.framework */,
				D8791472204FEB8700D20256 /* MapHelperKitExample */,
				D8791471204FEB8700D20256 /* Products */,
			);
			sourceTree = "<group>";
		};
		D8791471204FEB8700D20256 /* Products */ = {
			isa = PBXGroup;
			children = (
				D8791470204FEB8700D20256 /* MapHelperKitExample.app */,
			);
			name = Products;
			sourceTree = "<group>";
		};
		D8791472204FEB8700D20256 /* MapHelperKitExample */ = {
			isa = PBXGroup;
			children = (
				D8791473204FEB8700D20256 /* AppDelegate.swift */,
				D8791475204FEB8700D20256 /* ViewController.swift */,
				D8791477204FEB8700D20256 /* Main.storyboard */,
				D879147A204FEB8700D20256 /* Assets.xcassets */,
				D879147C204FEB8700D20256 /* LaunchScreen.storyboard */,
				D879147F204FEB8700D20256 /* Info.plist */,
			);
			path = MapHelperKitExample;
			sourceTree = "<group>";
		};
/* End PBXGroup section */

/* Begin PBXNativeTarget section */
		D879146F204FEB8700D20256 /* MapHelperKitExample */ = {
			isa = PBXNativeTarget;
			buildConfigurationList = D8791482204FEB8700D20256 /* Build configuration list for PBXNativeTarget "MapHelperKitExample" */;
			buildPhases = (
				D879146C204FEB8700D20256 /* Sources */,
				D879146D204FEB8700D20256 /* Frameworks */,
				D879146E204FEB8700D20256 /* Resources */,
				D87914962050056500D20256 /* Embed Frameworks */,
			);
			buildRules = (
			);
			dependencies = (
			);
			name = MapHelperKitExample;
			productName = MapHelperKitExample;
			productReference = D8791470204FEB8700D20256 /* MapHelperKitExample.app */;
			productType = "com.apple.product-type.application";
		};
/* End PBXNativeTarget section */

/* Begin PBXProject section */
		D8791468204FEB8700D20256 /* Project object */ = {
			isa = PBXProject;
			attributes = {
				LastSwiftUpdateCheck = 0920;
				LastUpgradeCheck = 0920;
				ORGANIZATIONNAME = "Rushi Sangani";
				TargetAttributes = {
					D879146F204FEB8700D20256 = {
						CreatedOnToolsVersion = 9.2;
						ProvisioningStyle = Automatic;
					};
				};
			};
			buildConfigurationList = D879146B204FEB8700D20256 /* Build configuration list for PBXProject "MapHelperKitExample" */;
			compatibilityVersion = "Xcode 8.0";
			developmentRegion = en;
			hasScannedForEncodings = 0;
			knownRegions = (
				en,
				Base,
			);
			mainGroup = D8791467204FEB8700D20256;
			productRefGroup = D8791471204FEB8700D20256 /* Products */;
			projectDirPath = "";
			projectRoot = "";
			targets = (
				D879146F204FEB8700D20256 /* MapHelperKitExample */,
			);
		};
/* End PBXProject section */

/* Begin PBXResourcesBuildPhase section */
		D879146E204FEB8700D20256 /* Resources */ = {
			isa = PBXResourcesBuildPhase;
			buildActionMask = 2147483647;
			files = (
				D879147E204FEB8700D20256 /* LaunchScreen.storyboard in Resources */,
				D879147B204FEB8700D20256 /* Assets.xcassets in Resources */,
				D8791479204FEB8700D20256 /* Main.storyboard in Resources */,
			);
			runOnlyForDeploymentPostprocessing = 0;
		};
/* End PBXResourcesBuildPhase section */

/* Begin PBXSourcesBuildPhase section */
		D879146C204FEB8700D20256 /* Sources */ = {
			isa = PBXSourcesBuildPhase;
			buildActionMask = 2147483647;
			files = (
				D8791476204FEB8700D20256 /* ViewController.swift in Sources */,
				D8791474204FEB8700D20256 /* AppDelegate.swift in Sources */,
			);
			runOnlyForDeploymentPostprocessing = 0;
		};
/* End PBXSourcesBuildPhase section */

/* Begin PBXVariantGroup section */
		D8791477204FEB8700D20256 /* Main.storyboard */ = {
			isa = PBXVariantGroup;
			children = (
				D8791478204FEB8700D20256 /* Base */,
			);
			name = Main.storyboard;
			sourceTree = "<group>";
		};
		D879147C204FEB8700D20256 /* LaunchScreen.storyboard */ = {
			isa = PBXVariantGroup;
			children = (
				D879147D204FEB8700D20256 /* Base */,
			);
			name = LaunchScreen.storyboard;
			sourceTree = "<group>";
		};
/* End PBXVariantGroup section */

/* Begin XCBuildConfiguration section */
		D8791480204FEB8700D20256 /* Debug */ = {
			isa = XCBuildConfiguration;
			buildSettings = {
				ALWAYS_SEARCH_USER_PATHS = NO;
				CLANG_ANALYZER_NONNULL = YES;
				CLANG_ANALYZER_NUMBER_OBJECT_CONVERSION = YES_AGGRESSIVE;
				CLANG_CXX_LANGUAGE_STANDARD = "gnu++14";
				CLANG_CXX_LIBRARY = "libc++";
				CLANG_ENABLE_MODULES = YES;
				CLANG_ENABLE_OBJC_ARC = YES;
				CLANG_WARN_BLOCK_CAPTURE_AUTORELEASING = YES;
				CLANG_WARN_BOOL_CONVERSION = YES;
				CLANG_WARN_COMMA = YES;
				CLANG_WARN_CONSTANT_CONVERSION = YES;
				CLANG_WARN_DIRECT_OBJC_ISA_USAGE = YES_ERROR;
				CLANG_WARN_DOCUMENTATION_COMMENTS = YES;
				CLANG_WARN_EMPTY_BODY = YES;
				CLANG_WARN_ENUM_CONVERSION = YES;
				CLANG_WARN_INFINITE_RECURSION = YES;
				CLANG_WARN_INT_CONVERSION = YES;
				CLANG_WARN_NON_LITERAL_NULL_CONVERSION = YES;
				CLANG_WARN_OBJC_LITERAL_CONVERSION = YES;
				CLANG_WARN_OBJC_ROOT_CLASS = YES_ERROR;
				CLANG_WARN_RANGE_LOOP_ANALYSIS = YES;
				CLANG_WARN_STRICT_PROTOTYPES = YES;
				CLANG_WARN_SUSPICIOUS_MOVE = YES;
				CLANG_WARN_UNGUARDED_AVAILABILITY = YES_AGGRESSIVE;
				CLANG_WARN_UNREACHABLE_CODE = YES;
				CLANG_WARN__DUPLICATE_METHOD_MATCH = YES;
				CODE_SIGN_IDENTITY = "iPhone Developer";
				COPY_PHASE_STRIP = NO;
				DEBUG_INFORMATION_FORMAT = dwarf;
				ENABLE_STRICT_OBJC_MSGSEND = YES;
				ENABLE_TESTABILITY = YES;
				GCC_C_LANGUAGE_STANDARD = gnu11;
				GCC_DYNAMIC_NO_PIC = NO;
				GCC_NO_COMMON_BLOCKS = YES;
				GCC_OPTIMIZATION_LEVEL = 0;
				GCC_PREPROCESSOR_DEFINITIONS = (
					"DEBUG=1",
					"$(inherited)",
				);
				GCC_WARN_64_TO_32_BIT_CONVERSION = YES;
				GCC_WARN_ABOUT_RETURN_TYPE = YES_ERROR;
				GCC_WARN_UNDECLARED_SELECTOR = YES;
				GCC_WARN_UNINITIALIZED_AUTOS = YES_AGGRESSIVE;
				GCC_WARN_UNUSED_FUNCTION = YES;
				GCC_WARN_UNUSED_VARIABLE = YES;
				IPHONEOS_DEPLOYMENT_TARGET = 11.2;
				MTL_ENABLE_DEBUG_INFO = YES;
				ONLY_ACTIVE_ARCH = YES;
				SDKROOT = iphoneos;
				SWIFT_ACTIVE_COMPILATION_CONDITIONS = DEBUG;
				SWIFT_OPTIMIZATION_LEVEL = "-Onone";
			};
			name = Debug;
		};
		D8791481204FEB8700D20256 /* Release */ = {
			isa = XCBuildConfiguration;
			buildSettings = {
				ALWAYS_SEARCH_USER_PATHS = NO;
				CLANG_ANALYZER_NONNULL = YES;
				CLANG_ANALYZER_NUMBER_OBJECT_CONVERSION = YES_AGGRESSIVE;
				CLANG_CXX_LANGUAGE_STANDARD = "gnu++14";
				CLANG_CXX_LIBRARY = "libc++";
				CLANG_ENABLE_MODULES = YES;
				CLANG_ENABLE_OBJC_ARC = YES;
				CLANG_WARN_BLOCK_CAPTURE_AUTORELEASING = YES;
				CLANG_WARN_BOOL_CONVERSION = YES;
				CLANG_WARN_COMMA = YES;
				CLANG_WARN_CONSTANT_CONVERSION = YES;
				CLANG_WARN_DIRECT_OBJC_ISA_USAGE = YES_ERROR;
				CLANG_WARN_DOCUMENTATION_COMMENTS = YES;
				CLANG_WARN_EMPTY_BODY = YES;
				CLANG_WARN_ENUM_CONVERSION = YES;
				CLANG_WARN_INFINITE_RECURSION = YES;
				CLANG_WARN_INT_CONVERSION = YES;
				CLANG_WARN_NON_LITERAL_NULL_CONVERSION = YES;
				CLANG_WARN_OBJC_LITERAL_CONVERSION = YES;
				CLANG_WARN_OBJC_ROOT_CLASS = YES_ERROR;
				CLANG_WARN_RANGE_LOOP_ANALYSIS = YES;
				CLANG_WARN_STRICT_PROTOTYPES = YES;
				CLANG_WARN_SUSPICIOUS_MOVE = YES;
				CLANG_WARN_UNGUARDED_AVAILABILITY = YES_AGGRESSIVE;
				CLANG_WARN_UNREACHABLE_CODE = YES;
				CLANG_WARN__DUPLICATE_METHOD_MATCH = YES;
				CODE_SIGN_IDENTITY = "iPhone Developer";
				COPY_PHASE_STRIP = NO;
				DEBUG_INFORMATION_FORMAT = "dwarf-with-dsym";
				ENABLE_NS_ASSERTIONS = NO;
				ENABLE_STRICT_OBJC_MSGSEND = YES;
				GCC_C_LANGUAGE_STANDARD = gnu11;
				GCC_NO_COMMON_BLOCKS = YES;
				GCC_WARN_64_TO_32_BIT_CONVERSION = YES;
				GCC_WARN_ABOUT_RETURN_TYPE = YES_ERROR;
				GCC_WARN_UNDECLARED_SELECTOR = YES;
				GCC_WARN_UNINITIALIZED_AUTOS = YES_AGGRESSIVE;
				GCC_WARN_UNUSED_FUNCTION = YES;
				GCC_WARN_UNUSED_VARIABLE = YES;
				IPHONEOS_DEPLOYMENT_TARGET = 11.2;
				MTL_ENABLE_DEBUG_INFO = NO;
				SDKROOT = iphoneos;
				SWIFT_OPTIMIZATION_LEVEL = "-Owholemodule";
				VALIDATE_PRODUCT = YES;
			};
			name = Release;
		};
		D8791483204FEB8700D20256 /* Debug */ = {
			isa = XCBuildConfiguration;
			buildSettings = {
				ASSETCATALOG_COMPILER_APPICON_NAME = AppIcon;
				CODE_SIGN_STYLE = Automatic;
				DEVELOPMENT_TEAM = M9KRH522ST;
				INFOPLIST_FILE = MapHelperKitExample/Info.plist;
				IPHONEOS_DEPLOYMENT_TARGET = 9.0;
				LD_RUNPATH_SEARCH_PATHS = "$(inherited) @executable_path/Frameworks";
				PRODUCT_BUNDLE_IDENTIFIER = com.rushi.MapHelperKitExample;
				PRODUCT_NAME = "$(TARGET_NAME)";
				SWIFT_VERSION = 4.0;
				TARGETED_DEVICE_FAMILY = "1,2";
			};
			name = Debug;
		};
		D8791484204FEB8700D20256 /* Release */ = {
			isa = XCBuildConfiguration;
			buildSettings = {
				ASSETCATALOG_COMPILER_APPICON_NAME = AppIcon;
				CODE_SIGN_STYLE = Automatic;
				DEVELOPMENT_TEAM = M9KRH522ST;
				INFOPLIST_FILE = MapHelperKitExample/Info.plist;
				IPHONEOS_DEPLOYMENT_TARGET = 9.0;
				LD_RUNPATH_SEARCH_PATHS = "$(inherited) @executable_path/Frameworks";
				PRODUCT_BUNDLE_IDENTIFIER = com.rushi.MapHelperKitExample;
				PRODUCT_NAME = "$(TARGET_NAME)";
				SWIFT_VERSION = 4.0;
				TARGETED_DEVICE_FAMILY = "1,2";
			};
			name = Release;
		};
/* End XCBuildConfiguration section */

/* Begin XCConfigurationList section */
		D879146B204FEB8700D20256 /* Build configuration list for PBXProject "MapHelperKitExample" */ = {
			isa = XCConfigurationList;
			buildConfigurations = (
				D8791480204FEB8700D20256 /* Debug */,
				D8791481204FEB8700D20256 /* Release */,
			);
			defaultConfigurationIsVisible = 0;
			defaultConfigurationName = Release;
		};
		D8791482204FEB8700D20256 /* Build configuration list for PBXNativeTarget "MapHelperKitExample" */ = {
			isa = XCConfigurationList;
			buildConfigurations = (
				D8791483204FEB8700D20256 /* Debug */,
				D8791484204FEB8700D20256 /* Release */,
			);
			defaultConfigurationIsVisible = 0;
			defaultConfigurationName = Release;
		};
/* End XCConfigurationList section */
	};
	rootObject = D8791468204FEB8700D20256 /* Project object */;
}
